
Microsoft Visual Studio Solution File, Format Version 12.00
# Visual Studio 15
VisualStudioVersion = 15.0.27703.2042
MinimumVisualStudioVersion = 10.0.40219.1
Project("{2150E333-8FDC-42A3-9474-1A3956D46DE8}") = "1 - Presentation", "1 - Presentation", "{90001695-D92B-4286-9F36-6D314A139805}"
EndProject
Project("{2150E333-8FDC-42A3-9474-1A3956D46DE8}") = "2 - API", "2 - API", "{575F9EB8-914E-4806-B87C-5755FF3AEF46}"
EndProject
Project("{2150E333-8FDC-42A3-9474-1A3956D46DE8}") = "3 - Application Service", "3 - Application Service", "{6E39D90D-76CE-4E67-8923-24D16F92937F}"
EndProject
Project("{2150E333-8FDC-42A3-9474-1A3956D46DE8}") = "4 - Domain", "4 - Domain", "{5B14C263-28BF-43F2-9B88-3B2119FBACD0}"
EndProject
Project("{2150E333-8FDC-42A3-9474-1A3956D46DE8}") = "5 - Infrastructure", "5 - Infrastructure", "{7AEDA0EF-BEDA-4AD3-8A0A-DEA3D8BECB90}"
EndProject
Project("{FAE04EC0-301F-11D3-BF4B-00C04F79EFBC}") = "LucasRosinelli.Rate.Api", "LucasRosinelli.Rate.Api\LucasRosinelli.Rate.Api.csproj", "{333BE5FC-AFDB-4C7E-8CFD-6C6BD0F76426}"
EndProject
Global
	GlobalSection(SolutionConfigurationPlatforms) = preSolution
		Debug|Any CPU = Debug|Any CPU
		Release|Any CPU = Release|Any CPU
	EndGlobalSection
	GlobalSection(ProjectConfigurationPlatforms) = postSolution
		{333BE5FC-AFDB-4C7E-8CFD-6C6BD0F76426}.Debug|Any CPU.ActiveCfg = Debug|Any CPU
		{333BE5FC-AFDB-4C7E-8CFD-6C6BD0F76426}.Debug|Any CPU.Build.0 = Debug|Any CPU
		{333BE5FC-AFDB-4C7E-8CFD-6C6BD0F76426}.Release|Any CPU.ActiveCfg = Release|Any CPU
		{333BE5FC-AFDB-4C7E-8CFD-6C6BD0F76426}.Release|Any CPU.Build.0 = Release|Any CPU
	EndGlobalSection
	GlobalSection(SolutionProperties) = preSolution
		HideSolutionNode = FALSE
	EndGlobalSection
	GlobalSection(NestedProjects) = preSolution
		{333BE5FC-AFDB-4C7E-8CFD-6C6BD0F76426} = {575F9EB8-914E-4806-B87C-5755FF3AEF46}
	EndGlobalSection
	GlobalSection(ExtensibilityGlobals) = postSolution
		SolutionGuid = {AA662B8D-5A5B-465F-9A98-270A1B3D1AB8}
	EndGlobalSection
EndGlobal
